
Microsoft Visual Studio Solution File, Format Version 12.00
# Visual Studio 15
VisualStudioVersion = 15.0.28307.421
MinimumVisualStudioVersion = 10.0.40219.1
Project("{FAE04EC0-301F-11D3-BF4B-00C04F79EFBC}") = "NativeOAuthXamarin.Android", "NativeOAuthXamarin\NativeOAuthXamarin.Android\NativeOAuthXamarin.Android.csproj", "{E085C0AE-B064-4207-9FE9-D95A782A94BA}"
EndProject
Project("{FAE04EC0-301F-11D3-BF4B-00C04F79EFBC}") = "NativeOAuthXamarin.iOS", "NativeOAuthXamarin\NativeOAuthXamarin.iOS\NativeOAuthXamarin.iOS.csproj", "{A80EB502-49CC-4360-8714-9612D116A126}"
EndProject
Project("{FAE04EC0-301F-11D3-BF4B-00C04F79EFBC}") = "NativeOAuthXamarin", "NativeOAuthXamarin\NativeOAuthXamarin\NativeOAuthXamarin.csproj", "{936D81B5-56E7-464D-ADD8-365AC160760D}"
EndProject
Global
	GlobalSection(SolutionConfigurationPlatforms) = preSolution
		Ad-Hoc|Any CPU = Ad-Hoc|Any CPU
		Ad-Hoc|iPhone = Ad-Hoc|iPhone
		Ad-Hoc|iPhoneSimulator = Ad-Hoc|iPhoneSimulator
		AppStore|Any CPU = AppStore|Any CPU
		AppStore|iPhone = AppStore|iPhone
		AppStore|iPhoneSimulator = AppStore|iPhoneSimulator
		Debug|Any CPU = Debug|Any CPU
		Debug|iPhone = Debug|iPhone
		Debug|iPhoneSimulator = Debug|iPhoneSimulator
		Release|Any CPU = Release|Any CPU
		Release|iPhone = Release|iPhone
		Release|iPhoneSimulator = Release|iPhoneSimulator
	EndGlobalSection
	GlobalSection(ProjectConfigurationPlatforms) = postSolution
		{E085C0AE-B064-4207-9FE9-D95A782A94BA}.Ad-Hoc|Any CPU.ActiveCfg = Release|Any CPU
		{E085C0AE-B064-4207-9FE9-D95A782A94BA}.Ad-Hoc|Any CPU.Build.0 = Release|Any CPU
		{E085C0AE-B064-4207-9FE9-D95A782A94BA}.Ad-Hoc|Any CPU.Deploy.0 = Release|Any CPU
		{E085C0AE-B064-4207-9FE9-D95A782A94BA}.Ad-Hoc|iPhone.ActiveCfg = Release|Any CPU
		{E085C0AE-B064-4207-9FE9-D95A782A94BA}.Ad-Hoc|iPhone.Build.0 = Release|Any CPU
		{E085C0AE-B064-4207-9FE9-D95A782A94BA}.Ad-Hoc|iPhone.Deploy.0 = Release|Any CPU
		{E085C0AE-B064-4207-9FE9-D95A782A94BA}.Ad-Hoc|iPhoneSimulator.ActiveCfg = Release|Any CPU
		{E085C0AE-B064-4207-9FE9-D95A782A94BA}.Ad-Hoc|iPhoneSimulator.Build.0 = Release|Any CPU
		{E085C0AE-B064-4207-9FE9-D95A782A94BA}.Ad-Hoc|iPhoneSimulator.Deploy.0 = Release|Any CPU
		{E085C0AE-B064-4207-9FE9-D95A782A94BA}.AppStore|Any CPU.ActiveCfg = Release|Any CPU
		{E085C0AE-B064-4207-9FE9-D95A782A94BA}.AppStore|Any CPU.Build.0 = Release|Any CPU
		{E085C0AE-B064-4207-9FE9-D95A782A94BA}.AppStore|Any CPU.Deploy.0 = Release|Any CPU
		{E085C0AE-B064-4207-9FE9-D95A782A94BA}.AppStore|iPhone.ActiveCfg = Release|Any CPU
		{E085C0AE-B064-4207-9FE9-D95A782A94BA}.AppStore|iPhone.Build.0 = Release|Any CPU
		{E085C0AE-B064-4207-9FE9-D95A782A94BA}.AppStore|iPhone.Deploy.0 = Release|Any CPU
		{E085C0AE-B064-4207-9FE9-D95A782A94BA}.AppStore|iPhoneSimulator.ActiveCfg = Release|Any CPU
		{E085C0AE-B064-4207-9FE9-D95A782A94BA}.AppStore|iPhoneSimulator.Build.0 = Release|Any CPU
		{E085C0AE-B064-4207-9FE9-D95A782A94BA}.AppStore|iPhoneSimulator.Deploy.0 = Release|Any CPU
		{E085C0AE-B064-4207-9FE9-D95A782A94BA}.Debug|Any CPU.ActiveCfg = Debug|Any CPU
		{E085C0AE-B064-4207-9FE9-D95A782A94BA}.Debug|Any CPU.Build.0 = Debug|Any CPU
		{E085C0AE-B064-4207-9FE9-D95A782A94BA}.Debug|Any CPU.Deploy.0 = Debug|Any CPU
		{E085C0AE-B064-4207-9FE9-D95A782A94BA}.Debug|iPhone.ActiveCfg = Debug|Any CPU
		{E085C0AE-B064-4207-9FE9-D95A782A94BA}.Debug|iPhone.Build.0 = Debug|Any CPU
		{E085C0AE-B064-4207-9FE9-D95A782A94BA}.Debug|iPhone.Deploy.0 = Debug|Any CPU
		{E085C0AE-B064-4207-9FE9-D95A782A94BA}.Debug|iPhoneSimulator.ActiveCfg = Debug|Any CPU
		{E085C0AE-B064-4207-9FE9-D95A782A94BA}.Debug|iPhoneSimulator.Build.0 = Debug|Any CPU
		{E085C0AE-B064-4207-9FE9-D95A782A94BA}.Debug|iPhoneSimulator.Deploy.0 = Debug|Any CPU
		{E085C0AE-B064-4207-9FE9-D95A782A94BA}.Release|Any CPU.ActiveCfg = Release|Any CPU
		{E085C0AE-B064-4207-9FE9-D95A782A94BA}.Release|Any CPU.Build.0 = Release|Any CPU
		{E085C0AE-B064-4207-9FE9-D95A782A94BA}.Release|Any CPU.Deploy.0 = Release|Any CPU
		{E085C0AE-B064-4207-9FE9-D95A782A94BA}.Release|iPhone.ActiveCfg = Release|Any CPU
		{E085C0AE-B064-4207-9FE9-D95A782A94BA}.Release|iPhone.Build.0 = Release|Any CPU
		{E085C0AE-B064-4207-9FE9-D95A782A94BA}.Release|iPhone.Deploy.0 = Release|Any CPU
		{E085C0AE-B064-4207-9FE9-D95A782A94BA}.Release|iPhoneSimulator.ActiveCfg = Release|Any CPU
		{E085C0AE-B064-4207-9FE9-D95A782A94BA}.Release|iPhoneSimulator.Build.0 = Release|Any CPU
		{E085C0AE-B064-4207-9FE9-D95A782A94BA}.Release|iPhoneSimulator.Deploy.0 = Release|Any CPU
		{A80EB502-49CC-4360-8714-9612D116A126}.Ad-Hoc|Any CPU.ActiveCfg = Ad-Hoc|iPhone
		{A80EB502-49CC-4360-8714-9612D116A126}.Ad-Hoc|Any CPU.Build.0 = Ad-Hoc|iPhone
		{A80EB502-49CC-4360-8714-9612D116A126}.Ad-Hoc|Any CPU.Deploy.0 = Ad-Hoc|iPhone
		{A80EB502-49CC-4360-8714-9612D116A126}.Ad-Hoc|iPhone.ActiveCfg = Ad-Hoc|iPhone
		{A80EB502-49CC-4360-8714-9612D116A126}.Ad-Hoc|iPhone.Build.0 = Ad-Hoc|iPhone
		{A80EB502-49CC-4360-8714-9612D116A126}.Ad-Hoc|iPhone.Deploy.0 = Ad-Hoc|iPhone
		{A80EB502-49CC-4360-8714-9612D116A126}.Ad-Hoc|iPhoneSimulator.ActiveCfg = Ad-Hoc|iPhoneSimulator
		{A80EB502-49CC-4360-8714-9612D116A126}.Ad-Hoc|iPhoneSimulator.Build.0 = Ad-Hoc|iPhoneSimulator
		{A80EB502-49CC-4360-8714-9612D116A126}.Ad-Hoc|iPhoneSimulator.Deploy.0 = Ad-Hoc|iPhoneSimulator
		{A80EB502-49CC-4360-8714-9612D116A126}.AppStore|Any CPU.ActiveCfg = AppStore|iPhone
		{A80EB502-49CC-4360-8714-9612D116A126}.AppStore|Any CPU.Build.0 = AppStore|iPhone
		{A80EB502-49CC-4360-8714-9612D116A126}.AppStore|Any CPU.Deploy.0 = AppStore|iPhone
		{A80EB502-49CC-4360-8714-9612D116A126}.AppStore|iPhone.ActiveCfg = AppStore|iPhone
		{A80EB502-49CC-4360-8714-9612D116A126}.AppStore|iPhone.Build.0 = AppStore|iPhone
		{A80EB502-49CC-4360-8714-9612D116A126}.AppStore|iPhone.Deploy.0 = AppStore|iPhone
		{A80EB502-49CC-4360-8714-9612D116A126}.AppStore|iPhoneSimulator.ActiveCfg = AppStore|iPhoneSimulator
		{A80EB502-49CC-4360-8714-9612D116A126}.AppStore|iPhoneSimulator.Build.0 = AppStore|iPhoneSimulator
		{A80EB502-49CC-4360-8714-9612D116A126}.AppStore|iPhoneSimulator.Deploy.0 = AppStore|iPhoneSimulator
		{A80EB502-49CC-4360-8714-9612D116A126}.Debug|Any CPU.ActiveCfg = Debug|iPhoneSimulator
		{A80EB502-49CC-4360-8714-9612D116A126}.Debug|Any CPU.Build.0 = Debug|iPhoneSimulator
		{A80EB502-49CC-4360-8714-9612D116A126}.Debug|Any CPU.Deploy.0 = Debug|iPhoneSimulator
		{A80EB502-49CC-4360-8714-9612D116A126}.Debug|iPhone.ActiveCfg = Debug|iPhone
		{A80EB502-49CC-4360-8714-9612D116A126}.Debug|iPhone.Build.0 = Debug|iPhone
		{A80EB502-49CC-4360-8714-9612D116A126}.Debug|iPhone.Deploy.0 = Debug|iPhone
		{A80EB502-49CC-4360-8714-9612D116A126}.Debug|iPhoneSimulator.ActiveCfg = Debug|iPhoneSimulator
		{A80EB502-49CC-4360-8714-9612D116A126}.Debug|iPhoneSimulator.Build.0 = Debug|iPhoneSimulator
		{A80EB502-49CC-4360-8714-9612D116A126}.Debug|iPhoneSimulator.Deploy.0 = Debug|iPhoneSimulator
		{A80EB502-49CC-4360-8714-9612D116A126}.Release|Any CPU.ActiveCfg = Release|iPhone
		{A80EB502-49CC-4360-8714-9612D116A126}.Release|Any CPU.Build.0 = Release|iPhone
		{A80EB502-49CC-4360-8714-9612D116A126}.Release|Any CPU.Deploy.0 = Release|iPhone
		{A80EB502-49CC-4360-8714-9612D116A126}.Release|iPhone.ActiveCfg = Release|iPhone
		{A80EB502-49CC-4360-8714-9612D116A126}.Release|iPhone.Build.0 = Release|iPhone
		{A80EB502-49CC-4360-8714-9612D116A126}.Release|iPhone.Deploy.0 = Release|iPhone
		{A80EB502-49CC-4360-8714-9612D116A126}.Release|iPhoneSimulator.ActiveCfg = Release|iPhoneSimulator
		{A80EB502-49CC-4360-8714-9612D116A126}.Release|iPhoneSimulator.Build.0 = Release|iPhoneSimulator
		{A80EB502-49CC-4360-8714-9612D116A126}.Release|iPhoneSimulator.Deploy.0 = Release|iPhoneSimulator
		{936D81B5-56E7-464D-ADD8-365AC160760D}.Ad-Hoc|Any CPU.ActiveCfg = Debug|Any CPU
		{936D81B5-56E7-464D-ADD8-365AC160760D}.Ad-Hoc|Any CPU.Build.0 = Debug|Any CPU
		{936D81B5-56E7-464D-ADD8-365AC160760D}.Ad-Hoc|Any CPU.Deploy.0 = Debug|Any CPU
		{936D81B5-56E7-464D-ADD8-365AC160760D}.Ad-Hoc|iPhone.ActiveCfg = Debug|Any CPU
		{936D81B5-56E7-464D-ADD8-365AC160760D}.Ad-Hoc|iPhone.Build.0 = Debug|Any CPU
		{936D81B5-56E7-464D-ADD8-365AC160760D}.Ad-Hoc|iPhone.Deploy.0 = Debug|Any CPU
		{936D81B5-56E7-464D-ADD8-365AC160760D}.Ad-Hoc|iPhoneSimulator.ActiveCfg = Debug|Any CPU
		{936D81B5-56E7-464D-ADD8-365AC160760D}.Ad-Hoc|iPhoneSimulator.Build.0 = Debug|Any CPU
		{936D81B5-56E7-464D-ADD8-365AC160760D}.Ad-Hoc|iPhoneSimulator.Deploy.0 = Debug|Any CPU
		{936D81B5-56E7-464D-ADD8-365AC160760D}.AppStore|Any CPU.ActiveCfg = Debug|Any CPU
		{936D81B5-56E7-464D-ADD8-365AC160760D}.AppStore|Any CPU.Build.0 = Debug|Any CPU
		{936D81B5-56E7-464D-ADD8-365AC160760D}.AppStore|Any CPU.Deploy.0 = Debug|Any CPU
		{936D81B5-56E7-464D-ADD8-365AC160760D}.AppStore|iPhone.ActiveCfg = Debug|Any CPU
		{936D81B5-56E7-464D-ADD8-365AC160760D}.AppStore|iPhone.Build.0 = Debug|Any CPU
		{936D81B5-56E7-464D-ADD8-365AC160760D}.AppStore|iPhone.Deploy.0 = Debug|Any CPU
		{936D81B5-56E7-464D-ADD8-365AC160760D}.AppStore|iPhoneSimulator.ActiveCfg = Debug|Any CPU
		{936D81B5-56E7-464D-ADD8-365AC160760D}.AppStore|iPhoneSimulator.Build.0 = Debug|Any CPU
		{936D81B5-56E7-464D-ADD8-365AC160760D}.AppStore|iPhoneSimulator.Deploy.0 = Debug|Any CPU
		{936D81B5-56E7-464D-ADD8-365AC160760D}.Debug|Any CPU.ActiveCfg = Debug|Any CPU
		{936D81B5-56E7-464D-ADD8-365AC160760D}.Debug|Any CPU.Build.0 = Debug|Any CPU
		{936D81B5-56E7-464D-ADD8-365AC160760D}.Debug|Any CPU.Deploy.0 = Debug|Any CPU
		{936D81B5-56E7-464D-ADD8-365AC160760D}.Debug|iPhone.ActiveCfg = Debug|Any CPU
		{936D81B5-56E7-464D-ADD8-365AC160760D}.Debug|iPhone.Build.0 = Debug|Any CPU
		{936D81B5-56E7-464D-ADD8-365AC160760D}.Debug|iPhone.Deploy.0 = Debug|Any CPU
		{936D81B5-56E7-464D-ADD8-365AC160760D}.Debug|iPhoneSimulator.ActiveCfg = Debug|Any CPU
		{936D81B5-56E7-464D-ADD8-365AC160760D}.Debug|iPhoneSimulator.Build.0 = Debug|Any CPU
		{936D81B5-56E7-464D-ADD8-365AC160760D}.Debug|iPhoneSimulator.Deploy.0 = Debug|Any CPU
		{936D81B5-56E7-464D-ADD8-365AC160760D}.Release|Any CPU.ActiveCfg = Release|Any CPU
		{936D81B5-56E7-464D-ADD8-365AC160760D}.Release|Any CPU.Build.0 = Release|Any CPU
		{936D81B5-56E7-464D-ADD8-365AC160760D}.Release|Any CPU.Deploy.0 = Release|Any CPU
		{936D81B5-56E7-464D-ADD8-365AC160760D}.Release|iPhone.ActiveCfg = Release|Any CPU
		{936D81B5-56E7-464D-ADD8-365AC160760D}.Release|iPhone.Build.0 = Release|Any CPU
		{936D81B5-56E7-464D-ADD8-365AC160760D}.Release|iPhone.Deploy.0 = Release|Any CPU
		{936D81B5-56E7-464D-ADD8-365AC160760D}.Release|iPhoneSimulator.ActiveCfg = Release|Any CPU
		{936D81B5-56E7-464D-ADD8-365AC160760D}.Release|iPhoneSimulator.Build.0 = Release|Any CPU
		{936D81B5-56E7-464D-ADD8-365AC160760D}.Release|iPhoneSimulator.Deploy.0 = Release|Any CPU
	EndGlobalSection
	GlobalSection(SolutionProperties) = preSolution
		HideSolutionNode = FALSE
	EndGlobalSection
	GlobalSection(ExtensibilityGlobals) = postSolution
		SolutionGuid = {4C78416E-7827-4C87-9299-3B870AE7AD23}
	EndGlobalSection
EndGlobal
